Microsoft Visual Studio Solution File, Format Version 12.00
# Visual Studio Version 16
VisualStudioVersion = 16.0.0.0
MinimumVisualStudioVersion = 16.0.0.0
Project("{9A19103F-16F7-4668-BE54-9A1E7A4F7556}") = "BlazorServerWebAssemblyApp", "BlazorServerWebAssemblyApp\BlazorServerWebAssemblyApp.csproj", "{840B7E43-06C1-435D-95ED-1C7511E93BD9}"
EndProject
Project("{9A19103F-16F7-4668-BE54-9A1E7A4F7556}") = "BlazorServerWebAssemblyApp.Client", "BlazorServerWebAssemblyApp.Client\BlazorServerWebAssemblyApp.Client.csproj", "{3E22C3B7-CCAD-4848-BE66-F17812C1AC87}"
EndProject
Global
	GlobalSection(SolutionConfigurationPlatforms) = preSolution
		Debug|Any CPU = Debug|Any CPU
		Debug|x64 = Debug|x64
		Debug|x86 = Debug|x86
		Release|Any CPU = Release|Any CPU
		Release|x64 = Release|x64
		Release|x86 = Release|x86
	EndGlobalSection
	GlobalSection(ProjectConfigurationPlatforms) = postSolution
		{3E22C3B7-CCAD-4848-BE66-F17812C1AC87}.Debug|Any CPU.ActiveCfg = Debug|Any CPU
		{3E22C3B7-CCAD-4848-BE66-F17812C1AC87}.Debug|Any CPU.Build.0 = Debug|Any CPU
		{3E22C3B7-CCAD-4848-BE66-F17812C1AC87}.Debug|x64.ActiveCfg = Debug|Any CPU
		{3E22C3B7-CCAD-4848-BE66-F17812C1AC87}.Debug|x64.Build.0 = Debug|Any CPU
		{3E22C3B7-CCAD-4848-BE66-F17812C1AC87}.Debug|x86.ActiveCfg = Debug|Any CPU
		{3E22C3B7-CCAD-4848-BE66-F17812C1AC87}.Debug|x86.Build.0 = Debug|Any CPU
		{3E22C3B7-CCAD-4848-BE66-F17812C1AC87}.Release|Any CPU.ActiveCfg = Release|Any CPU
		{3E22C3B7-CCAD-4848-BE66-F17812C1AC87}.Release|Any CPU.Build.0 = Release|Any CPU
		{3E22C3B7-CCAD-4848-BE66-F17812C1AC87}.Release|x64.ActiveCfg = Release|Any CPU
		{3E22C3B7-CCAD-4848-BE66-F17812C1AC87}.Release|x64.Build.0 = Release|Any CPU
		{3E22C3B7-CCAD-4848-BE66-F17812C1AC87}.Release|x86.ActiveCfg = Release|Any CPU
		{3E22C3B7-CCAD-4848-BE66-F17812C1AC87}.Release|x86.Build.0 = Release|Any CPU
		{840B7E43-06C1-435D-95ED-1C7511E93BD9}.Debug|Any CPU.ActiveCfg = Debug|Any CPU
		{840B7E43-06C1-435D-95ED-1C7511E93BD9}.Debug|Any CPU.Build.0 = Debug|Any CPU
		{840B7E43-06C1-435D-95ED-1C7511E93BD9}.Debug|x64.ActiveCfg = Debug|Any CPU
		{840B7E43-06C1-435D-95ED-1C7511E93BD9}.Debug|x64.Build.0 = Debug|Any CPU
		{840B7E43-06C1-435D-95ED-1C7511E93BD9}.Debug|x86.ActiveCfg = Debug|Any CPU
		{840B7E43-06C1-435D-95ED-1C7511E93BD9}.Debug|x86.Build.0 = Debug|Any CPU
		{840B7E43-06C1-435D-95ED-1C7511E93BD9}.Release|Any CPU.ActiveCfg = Release|Any CPU
		{840B7E43-06C1-435D-95ED-1C7511E93BD9}.Release|Any CPU.Build.0 = Release|Any CPU
		{840B7E43-06C1-435D-95ED-1C7511E93BD9}.Release|x64.ActiveCfg = Release|Any CPU
		{840B7E43-06C1-435D-95ED-1C7511E93BD9}.Release|x64.Build.0 = Release|Any CPU
		{840B7E43-06C1-435D-95ED-1C7511E93BD9}.Release|x86.ActiveCfg = Release|Any CPU
		{840B7E43-06C1-435D-95ED-1C7511E93BD9}.Release|x86.Build.0 = Release|Any CPU
	EndGlobalSection
	GlobalSection(SolutionProperties) = preSolution
		HideSolutionNode = FALSE
	EndGlobalSection
	GlobalSection(ExtensibilityGlobals) = postSolution
		SolutionGuid = {1A4B729C-4E3A-4E99-90B7-967655453665}
	EndGlobalSection
EndGlobal
